
Microsoft Visual Studio Solution File, Format Version 12.00
# Visual Studio Version 16
VisualStudioVersion = 25.0.1705.4
MinimumVisualStudioVersion = 10.0.40219.1
Project("{FAE04EC0-301F-11D3-BF4B-00C04F79EFBC}") = "Movila_Beatrice_MDP", "Movila_Beatrice_MDP.csproj", "{BD37DD6B-8056-41E9-BFBD-17E5AF082DEE}"
EndProject
Global
	GlobalSection(SolutionConfigurationPlatforms) = preSolution
		Debug|Any CPU = Debug|Any CPU
		Release|Any CPU = Release|Any CPU
	EndGlobalSection
	GlobalSection(ProjectConfigurationPlatforms) = postSolution
		{BD37DD6B-8056-41E9-BFBD-17E5AF082DEE}.Debug|Any CPU.ActiveCfg = Debug|Any CPU
		{BD37DD6B-8056-41E9-BFBD-17E5AF082DEE}.Debug|Any CPU.Build.0 = Debug|Any CPU
		{BD37DD6B-8056-41E9-BFBD-17E5AF082DEE}.Release|Any CPU.ActiveCfg = Release|Any CPU
		{BD37DD6B-8056-41E9-BFBD-17E5AF082DEE}.Release|Any CPU.Build.0 = Release|Any CPU
	EndGlobalSection
	GlobalSection(SolutionProperties) = preSolution
		HideSolutionNode = FALSE
	EndGlobalSection
	GlobalSection(ExtensibilityGlobals) = postSolution
		SolutionGuid = {98321430-DDB1-44D3-AB8C-F90B7101D141}
	EndGlobalSection
EndGlobal
